
Microsoft Visual Studio Solution File, Format Version 12.00
# Visual Studio 15
VisualStudioVersion = 15.0.27428.1
MinimumVisualStudioVersion = 10.0.40219.1
Project("{FAE04EC0-301F-11D3-BF4B-00C04F79EFBC}") = "Calculator", "Calculator\Calculator.csproj", "{4995E1BF-26B6-45AB-A19D-712250172808}"
EndProject
Project("{FAE04EC0-301F-11D3-BF4B-00C04F79EFBC}") = "Calculator.Tests", "Calculator.Tests\Calculator.Tests.csproj", "{4842E128-003F-4ED7-A8AA-B5BFD9E7A35B}"
EndProject
Global
	GlobalSection(SolutionConfigurationPlatforms) = preSolution
		Debug|Any CPU = Debug|Any CPU
		Release|Any CPU = Release|Any CPU
	EndGlobalSection
	GlobalSection(ProjectConfigurationPlatforms) = postSolution
		{4995E1BF-26B6-45AB-A19D-712250172808}.Debug|Any CPU.ActiveCfg = Debug|Any CPU
		{4995E1BF-26B6-45AB-A19D-712250172808}.Debug|Any CPU.Build.0 = Debug|Any CPU
		{4995E1BF-26B6-45AB-A19D-712250172808}.Release|Any CPU.ActiveCfg = Release|Any CPU
		{4995E1BF-26B6-45AB-A19D-712250172808}.Release|Any CPU.Build.0 = Release|Any CPU
		{4842E128-003F-4ED7-A8AA-B5BFD9E7A35B}.Debug|Any CPU.ActiveCfg = Debug|Any CPU
		{4842E128-003F-4ED7-A8AA-B5BFD9E7A35B}.Debug|Any CPU.Build.0 = Debug|Any CPU
		{4842E128-003F-4ED7-A8AA-B5BFD9E7A35B}.Release|Any CPU.ActiveCfg = Release|Any CPU
		{4842E128-003F-4ED7-A8AA-B5BFD9E7A35B}.Release|Any CPU.Build.0 = Release|Any CPU
	EndGlobalSection
	GlobalSection(SolutionProperties) = preSolution
		HideSolutionNode = FALSE
	EndGlobalSection
	GlobalSection(ExtensibilityGlobals) = postSolution
		SolutionGuid = {2DEB0AD0-A238-4F41-9F38-CC393F2EF7C6}
	EndGlobalSection
EndGlobal
